
Microsoft Visual Studio Solution File, Format Version 12.00
# Visual Studio Version 16
VisualStudioVersion = 16.0.30011.22
MinimumVisualStudioVersion = 10.0.40219.1
Project("{FAE04EC0-301F-11D3-BF4B-00C04F79EFBC}") = "JudoTechnieken", "JudoTechnieken\JudoTechnieken.csproj", "{F2BDECAA-F008-420C-BB9D-92668F19A3B3}"
EndProject
Global
	GlobalSection(SolutionConfigurationPlatforms) = preSolution
		Debug|Any CPU = Debug|Any CPU
		Release|Any CPU = Release|Any CPU
	EndGlobalSection
	GlobalSection(ProjectConfigurationPlatforms) = postSolution
		{F2BDECAA-F008-420C-BB9D-92668F19A3B3}.Debug|Any CPU.ActiveCfg = Debug|Any CPU
		{F2BDECAA-F008-420C-BB9D-92668F19A3B3}.Debug|Any CPU.Build.0 = Debug|Any CPU
		{F2BDECAA-F008-420C-BB9D-92668F19A3B3}.Release|Any CPU.ActiveCfg = Release|Any CPU
		{F2BDECAA-F008-420C-BB9D-92668F19A3B3}.Release|Any CPU.Build.0 = Release|Any CPU
	EndGlobalSection
	GlobalSection(SolutionProperties) = preSolution
		HideSolutionNode = FALSE
	EndGlobalSection
	GlobalSection(ExtensibilityGlobals) = postSolution
		SolutionGuid = {175A69F3-64E5-4E68-A1D0-207766311188}
	EndGlobalSection
EndGlobal
